// !$*UTF8*$!
{
	archiveVersion = 1;
	classes = {
	};
	objectVersion = 46;
	objects = {

/* Begin PBXBuildFile section */
		A9708F391A79B13B0086EF1D /* main.m in Sources */ = {isa = PBXBuildFile; fileRef = A9708F381A79B13B0086EF1D /* main.m */; };
		A9708F3C1A79B13B0086EF1D /* AppDelegate.m in Sources */ = {isa = PBXBuildFile; fileRef = A9708F3B1A79B13B0086EF1D /* AppDelegate.m */; };
		A9708F421A79B13B0086EF1D /* Main.storyboard in Resources */ = {isa = PBXBuildFile; fileRef = A9708F401A79B13B0086EF1D /* Main.storyboard */; };
		A9708F441A79B13B0086EF1D /* Images.xcassets in Resources */ = {isa = PBXBuildFile; fileRef = A9708F431A79B13B0086EF1D /* Images.xcassets */; };
		A9708F471A79B13B0086EF1D /* LaunchScreen.xib in Resources */ = {isa = PBXBuildFile; fileRef = A9708F451A79B13B0086EF1D /* LaunchScreen.xib */; };
		A9708F531A79B13B0086EF1D /* Lab1Tests.m in Sources */ = {isa = PBXBuildFile; fileRef = A9708F521A79B13B0086EF1D /* Lab1Tests.m */; };
		A9768C7C1A82EBC000269D15 /* CollectionViewCell.m in Sources */ = {isa = PBXBuildFile; fileRef = A9768C631A82EBC000269D15 /* CollectionViewCell.m */; };
		A9768C7D1A82EBC000269D15 /* CollectionViewController.m in Sources */ = {isa = PBXBuildFile; fileRef = A9768C651A82EBC000269D15 /* CollectionViewController.m */; };
		A9768C7E1A82EBC000269D15 /* FirstViewController.m in Sources */ = {isa = PBXBuildFile; fileRef = A9768C671A82EBC000269D15 /* FirstViewController.m */; };
		A9768C7F1A82EBC000269D15 /* ImageModel.m in Sources */ = {isa = PBXBuildFile; fileRef = A9768C691A82EBC000269D15 /* ImageModel.m */; };
		A9768C801A82EBC000269D15 /* MapPin.m in Sources */ = {isa = PBXBuildFile; fileRef = A9768C6B1A82EBC000269D15 /* MapPin.m */; };
		A9768C811A82EBC000269D15 /* SecondViewController.m in Sources */ = {isa = PBXBuildFile; fileRef = A9768C6D1A82EBC000269D15 /* SecondViewController.m */; };
		A9768C821A82EBC000269D15 /* TableViewControllerAmeya.m in Sources */ = {isa = PBXBuildFile; fileRef = A9768C6F1A82EBC000269D15 /* TableViewControllerAmeya.m */; };
		A9768C831A82EBC000269D15 /* TableViewControllerVinay.m in Sources */ = {isa = PBXBuildFile; fileRef = A9768C711A82EBC000269D15 /* TableViewControllerVinay.m */; };
		A9768C841A82EBC000269D15 /* ViewController.m in Sources */ = {isa = PBXBuildFile; fileRef = A9768C731A82EBC000269D15 /* ViewController.m */; };
		A9768C851A82EBC000269D15 /* ViewControllerPicker.m in Sources */ = {isa = PBXBuildFile; fileRef = A9768C751A82EBC000269D15 /* ViewControllerPicker.m */; };
		A9768C861A82EBC000269D15 /* ViewControllerSlider.m in Sources */ = {isa = PBXBuildFile; fileRef = A9768C771A82EBC000269D15 /* ViewControllerSlider.m */; };
		A9768C871A82EBC000269D15 /* ViewControllerTimer.m in Sources */ = {isa = PBXBuildFile; fileRef = A9768C791A82EBC000269D15 /* ViewControllerTimer.m */; };
		A9768C881A82EBC000269D15 /* ViewControllerVinay.m in Sources */ = {isa = PBXBuildFile; fileRef = A9768C7B1A82EBC000269D15 /* ViewControllerVinay.m */; };
		A98644991A8178430062EB87 /* TableViewController.m in Sources */ = {isa = PBXBuildFile; fileRef = A98644981A8178430062EB87 /* TableViewController.m */; };
/* End PBXBuildFile section */

/* Begin PBXContainerItemProxy section */
		A9708F4D1A79B13B0086EF1D /* PBXContainerItemProxy */ = {
			isa = PBXContainerItemProxy;
			containerPortal = A9708F2B1A79B13B0086EF1D /* Project object */;
			proxyType = 1;
			remoteGlobalIDString = A9708F321A79B13B0086EF1D;
			remoteInfo = Lab1;
		};
/* End PBXContainerItemProxy section */

/* Begin PBXFileReference section */
		A9708F331A79B13B0086EF1D /* Lab1.app */ = {isa = PBXFileReference; explicitFileType = wrapper.application; includeInIndex = 0; path = Lab1.app; sourceTree = BUILT_PRODUCTS_DIR; };
		A9708F371A79B13B0086EF1D /* Info.plist */ = {isa = PBXFileReference; lastKnownFileType = text.plist.xml; path = Info.plist; sourceTree = "<group>"; };
		A9708F381A79B13B0086EF1D /* main.m */ = {isa = PBXFileReference; lastKnownFileType = sourcecode.c.objc; path = main.m; sourceTree = "<group>"; };
		A9708F3A1A79B13B0086EF1D /* AppDelegate.h */ = {isa = PBXFileReference; lastKnownFileType = sourcecode.c.h; path = AppDelegate.h; sourceTree = "<group>"; };
		A9708F3B1A79B13B0086EF1D /* AppDelegate.m */ = {isa = PBXFileReference; lastKnownFileType = sourcecode.c.objc; path = AppDelegate.m; sourceTree = "<group>"; };
		A9708F411A79B13B0086EF1D /* Base */ = {isa = PBXFileReference; lastKnownFileType = file.storyboard; name = Base; path = Base.lproj/Main.storyboard; sourceTree = "<group>"; };
		A9708F431A79B13B0086EF1D /* Images.xcassets */ = {isa = PBXFileReference; lastKnownFileType = folder.assetcatalog; path = Images.xcassets; sourceTree = "<group>"; };
		A9708F461A79B13B0086EF1D /* Base */ = {isa = PBXFileReference; lastKnownFileType = file.xib; name = Base; path = Base.lproj/LaunchScreen.xib; sourceTree = "<group>"; };
		A9708F4C1A79B13B0086EF1D /* Lab1Tests.xctest */ = {isa = PBXFileReference; explicitFileType = wrapper.cfbundle; includeInIndex = 0; path = Lab1Tests.xctest; sourceTree = BUILT_PRODUCTS_DIR; };
		A9708F511A79B13B0086EF1D /* Info.plist */ = {isa = PBXFileReference; lastKnownFileType = text.plist.xml; path = Info.plist; sourceTree = "<group>"; };
		A9708F521A79B13B0086EF1D /* Lab1Tests.m */ = {isa = PBXFileReference; lastKnownFileType = sourcecode.c.objc; path = Lab1Tests.m; sourceTree = "<group>"; };
		A9768C621A82EBC000269D15 /* CollectionViewCell.h */ = {isa = PBXFileReference; fileEncoding = 4; lastKnownFileType = sourcecode.c.h; path = CollectionViewCell.h; sourceTree = "<group>"; };
		A9768C631A82EBC000269D15 /* CollectionViewCell.m */ = {isa = PBXFileReference; fileEncoding = 4; lastKnownFileType = sourcecode.c.objc; path = CollectionViewCell.m; sourceTree = "<group>"; };
		A9768C641A82EBC000269D15 /* CollectionViewController.h */ = {isa = PBXFileReference; fileEncoding = 4; lastKnownFileType = sourcecode.c.h; path = CollectionViewController.h; sourceTree = "<group>"; };
		A9768C651A82EBC000269D15 /* CollectionViewController.m */ = {isa = PBXFileReference; fileEncoding = 4; lastKnownFileType = sourcecode.c.objc; path = CollectionViewController.m; sourceTree = "<group>"; };
		A9768C661A82EBC000269D15 /* FirstViewController.h */ = {isa = PBXFileReference; fileEncoding = 4; lastKnownFileType = sourcecode.c.h; path = FirstViewController.h; sourceTree = "<group>"; };
		A9768C671A82EBC000269D15 /* FirstViewController.m */ = {isa = PBXFileReference; fileEncoding = 4; lastKnownFileType = sourcecode.c.objc; path = FirstViewController.m; sourceTree = "<group>"; };
		A9768C681A82EBC000269D15 /* ImageModel.h */ = {isa = PBXFileReference; fileEncoding = 4; lastKnownFileType = sourcecode.c.h; path = ImageModel.h; sourceTree = "<group>"; };
		A9768C691A82EBC000269D15 /* ImageModel.m */ = {isa = PBXFileReference; fileEncoding = 4; lastKnownFileType = sourcecode.c.objc; path = ImageModel.m; sourceTree = "<group>"; };
		A9768C6A1A82EBC000269D15 /* MapPin.h */ = {isa = PBXFileReference; fileEncoding = 4; lastKnownFileType = sourcecode.c.h; path = MapPin.h; sourceTree = "<group>"; };
		A9768C6B1A82EBC000269D15 /* MapPin.m */ = {isa = PBXFileReference; fileEncoding = 4; lastKnownFileType = sourcecode.c.objc; path = MapPin.m; sourceTree = "<group>"; };
		A9768C6C1A82EBC000269D15 /* SecondViewController.h */ = {isa = PBXFileReference; fileEncoding = 4; lastKnownFileType = sourcecode.c.h; path = SecondViewController.h; sourceTree = "<group>"; };
		A9768C6D1A82EBC000269D15 /* SecondViewController.m */ = {isa = PBXFileReference; fileEncoding = 4; lastKnownFileType = sourcecode.c.objc; path = SecondViewController.m; sourceTree = "<group>"; };
		A9768C6E1A82EBC000269D15 /* TableViewControllerAmeya.h */ = {isa = PBXFileReference; fileEncoding = 4; lastKnownFileType = sourcecode.c.h; path = TableViewControllerAmeya.h; sourceTree = "<group>"; };
		A9768C6F1A82EBC000269D15 /* TableViewControllerAmeya.m */ = {isa = PBXFileReference; fileEncoding = 4; lastKnownFileType = sourcecode.c.objc; path = TableViewControllerAmeya.m; sourceTree = "<group>"; };
		A9768C701A82EBC000269D15 /* TableViewControllerVinay.h */ = {isa = PBXFileReference; fileEncoding = 4; lastKnownFileType = sourcecode.c.h; path = TableViewControllerVinay.h; sourceTree = "<group>"; };
		A9768C711A82EBC000269D15 /* TableViewControllerVinay.m */ = {isa = PBXFileReference; fileEncoding = 4; lastKnownFileType = sourcecode.c.objc; path = TableViewControllerVinay.m; sourceTree = "<group>"; };
		A9768C721A82EBC000269D15 /* ViewController.h */ = {isa = PBXFileReference; fileEncoding = 4; lastKnownFileType = sourcecode.c.h; path = ViewController.h; sourceTree = "<group>"; };
		A9768C731A82EBC000269D15 /* ViewController.m */ = {isa = PBXFileReference; fileEncoding = 4; lastKnownFileType = sourcecode.c.objc; path = ViewController.m; sourceTree = "<group>"; };
		A9768C741A82EBC000269D15 /* ViewControllerPicker.h */ = {isa = PBXFileReference; fileEncoding = 4; lastKnownFileType = sourcecode.c.h; path = ViewControllerPicker.h; sourceTree = "<group>"; };
		A9768C751A82EBC000269D15 /* ViewControllerPicker.m */ = {isa = PBXFileReference; fileEncoding = 4; lastKnownFileType = sourcecode.c.objc; path = ViewControllerPicker.m; sourceTree = "<group>"; };
		A9768C761A82EBC000269D15 /* ViewControllerSlider.h */ = {isa = PBXFileReference; fileEncoding = 4; lastKnownFileType = sourcecode.c.h; path = ViewControllerSlider.h; sourceTree = "<group>"; };
		A9768C771A82EBC000269D15 /* ViewControllerSlider.m */ = {isa = PBXFileReference; fileEncoding = 4; lastKnownFileType = sourcecode.c.objc; path = ViewControllerSlider.m; sourceTree = "<group>"; };
		A9768C781A82EBC000269D15 /* ViewControllerTimer.h */ = {isa = PBXFileReference; fileEncoding = 4; lastKnownFileType = sourcecode.c.h; path = ViewControllerTimer.h; sourceTree = "<group>"; };
		A9768C791A82EBC000269D15 /* ViewControllerTimer.m */ = {isa = PBXFileReference; fileEncoding = 4; lastKnownFileType = sourcecode.c.objc; path = ViewControllerTimer.m; sourceTree = "<group>"; };
		A9768C7A1A82EBC000269D15 /* ViewControllerVinay.h */ = {isa = PBXFileReference; fileEncoding = 4; lastKnownFileType = sourcecode.c.h; path = ViewControllerVinay.h; sourceTree = "<group>"; };
		A9768C7B1A82EBC000269D15 /* ViewControllerVinay.m */ = {isa = PBXFileReference; fileEncoding = 4; lastKnownFileType = sourcecode.c.objc; path = ViewControllerVinay.m; sourceTree = "<group>"; };
		A98644971A8178430062EB87 /* TableViewController.h */ = {isa = PBXFileReference; fileEncoding = 4; lastKnownFileType = sourcecode.c.h; path = TableViewController.h; sourceTree = "<group>"; };
		A98644981A8178430062EB87 /* TableViewController.m */ = {isa = PBXFileReference; fileEncoding = 4; lastKnownFileType = sourcecode.c.objc; path = TableViewController.m; sourceTree = "<group>"; };
/* End PBXFileReference section */

/* Begin PBXFrameworksBuildPhase section */
		A9708F301A79B13B0086EF1D /* Frameworks */ = {
			isa = PBXFrameworksBuildPhase;
			buildActionMask = 2147483647;
			files = (
			);
			runOnlyForDeploymentPostprocessing = 0;
		};
		A9708F491A79B13B0086EF1D /* Frameworks */ = {
			isa = PBXFrameworksBuildPhase;
			buildActionMask = 2147483647;
			files = (
			);
			runOnlyForDeploymentPostprocessing = 0;
		};
/* End PBXFrameworksBuildPhase section */

/* Begin PBXGroup section */
		A9708F2A1A79B13B0086EF1D = {
			isa = PBXGroup;
			children = (
				A9708F351A79B13B0086EF1D /* Lab1 */,
				A9708F4F1A79B13B0086EF1D /* Lab1Tests */,
				A9708F341A79B13B0086EF1D /* Products */,
			);
			sourceTree = "<group>";
		};
		A9708F341A79B13B0086EF1D /* Products */ = {
			isa = PBXGroup;
			children = (
				A9708F331A79B13B0086EF1D /* Lab1.app */,
				A9708F4C1A79B13B0086EF1D /* Lab1Tests.xctest */,
			);
			name = Products;
			sourceTree = "<group>";
		};
		A9708F351A79B13B0086EF1D /* Lab1 */ = {
			isa = PBXGroup;
			children = (
				A9708F3A1A79B13B0086EF1D /* AppDelegate.h */,
				A9708F3B1A79B13B0086EF1D /* AppDelegate.m */,
				A9768C621A82EBC000269D15 /* CollectionViewCell.h */,
				A9768C631A82EBC000269D15 /* CollectionViewCell.m */,
				A9768C641A82EBC000269D15 /* CollectionViewController.h */,
				A9768C651A82EBC000269D15 /* CollectionViewController.m */,
				A9768C661A82EBC000269D15 /* FirstViewController.h */,
				A9768C671A82EBC000269D15 /* FirstViewController.m */,
				A9768C681A82EBC000269D15 /* ImageModel.h */,
				A9768C691A82EBC000269D15 /* ImageModel.m */,
				A9768C6A1A82EBC000269D15 /* MapPin.h */,
				A9768C6B1A82EBC000269D15 /* MapPin.m */,
				A9768C6C1A82EBC000269D15 /* SecondViewController.h */,
				A9768C6D1A82EBC000269D15 /* SecondViewController.m */,
				A9768C6E1A82EBC000269D15 /* TableViewControllerAmeya.h */,
				A9768C6F1A82EBC000269D15 /* TableViewControllerAmeya.m */,
				A9768C701A82EBC000269D15 /* TableViewControllerVinay.h */,
				A9768C711A82EBC000269D15 /* TableViewControllerVinay.m */,
				A9768C721A82EBC000269D15 /* ViewController.h */,
				A9768C731A82EBC000269D15 /* ViewController.m */,
				A9768C741A82EBC000269D15 /* ViewControllerPicker.h */,
				A9768C751A82EBC000269D15 /* ViewControllerPicker.m */,
				A9768C761A82EBC000269D15 /* ViewControllerSlider.h */,
				A9768C771A82EBC000269D15 /* ViewControllerSlider.m */,
				A9768C781A82EBC000269D15 /* ViewControllerTimer.h */,
				A9768C791A82EBC000269D15 /* ViewControllerTimer.m */,
				A9768C7A1A82EBC000269D15 /* ViewControllerVinay.h */,
				A9768C7B1A82EBC000269D15 /* ViewControllerVinay.m */,
				A9708F401A79B13B0086EF1D /* Main.storyboard */,
				A98644971A8178430062EB87 /* TableViewController.h */,
				A98644981A8178430062EB87 /* TableViewController.m */,
				A9708F431A79B13B0086EF1D /* Images.xcassets */,
				A9708F451A79B13B0086EF1D /* LaunchScreen.xib */,
				A9708F361A79B13B0086EF1D /* Supporting Files */,
			);
			path = Lab1;
			sourceTree = "<group>";
		};
		A9708F361A79B13B0086EF1D /* Supporting Files */ = {
			isa = PBXGroup;
			children = (
				A9708F371A79B13B0086EF1D /* Info.plist */,
				A9708F381A79B13B0086EF1D /* main.m */,
			);
			name = "Supporting Files";
			sourceTree = "<group>";
		};
		A9708F4F1A79B13B0086EF1D /* Lab1Tests */ = {
			isa = PBXGroup;
			children = (
				A9708F521A79B13B0086EF1D /* Lab1Tests.m */,
				A9708F501A79B13B0086EF1D /* Supporting Files */,
			);
			path = Lab1Tests;
			sourceTree = "<group>";
		};
		A9708F501A79B13B0086EF1D /* Supporting Files */ = {
			isa = PBXGroup;
			children = (
				A9708F511A79B13B0086EF1D /* Info.plist */,
			);
			name = "Supporting Files";
			sourceTree = "<group>";
		};
/* End PBXGroup section */

/* Begin PBXNativeTarget section */
		A9708F321A79B13B0086EF1D /* Lab1 */ = {
			isa = PBXNativeTarget;
			buildConfigurationList = A9708F561A79B13B0086EF1D /* Build configuration list for PBXNativeTarget "Lab1" */;
			buildPhases = (
				A9708F2F1A79B13B0086EF1D /* Sources */,
				A9708F301A79B13B0086EF1D /* Frameworks */,
				A9708F311A79B13B0086EF1D /* Resources */,
			);
			buildRules = (
			);
			dependencies = (
			);
			name = Lab1;
			productName = Lab1;
			productReference = A9708F331A79B13B0086EF1D /* Lab1.app */;
			productType = "com.apple.product-type.application";
		};
		A9708F4B1A79B13B0086EF1D /* Lab1Tests */ = {
			isa = PBXNativeTarget;
			buildConfigurationList = A9708F591A79B13B0086EF1D /* Build configuration list for PBXNativeTarget "Lab1Tests" */;
			buildPhases = (
				A9708F481A79B13B0086EF1D /* Sources */,
				A9708F491A79B13B0086EF1D /* Frameworks */,
				A9708F4A1A79B13B0086EF1D /* Resources */,
			);
			buildRules = (
			);
			dependencies = (
				A9708F4E1A79B13B0086EF1D /* PBXTargetDependency */,
			);
			name = Lab1Tests;
			productName = Lab1Tests;
			productReference = A9708F4C1A79B13B0086EF1D /* Lab1Tests.xctest */;
			productType = "com.apple.product-type.bundle.unit-test";
		};
/* End PBXNativeTarget section */

/* Begin PBXProject section */
		A9708F2B1A79B13B0086EF1D /* Project object */ = {
			isa = PBXProject;
			attributes = {
				LastUpgradeCheck = 0610;
				TargetAttributes = {
					A9708F321A79B13B0086EF1D = {
						CreatedOnToolsVersion = 6.1.1;
					};
					A9708F4B1A79B13B0086EF1D = {
						CreatedOnToolsVersion = 6.1.1;
						TestTargetID = A9708F321A79B13B0086EF1D;
					};
				};
			};
			buildConfigurationList = A9708F2E1A79B13B0086EF1D /* Build configuration list for PBXProject "Lab1" */;
			compatibilityVersion = "Xcode 3.2";
			developmentRegion = English;
			hasScannedForEncodings = 0;
			knownRegions = (
				en,
				Base,
			);
			mainGroup = A9708F2A1A79B13B0086EF1D;
			productRefGroup = A9708F341A79B13B0086EF1D /* Products */;
			projectDirPath = "";
			projectRoot = "";
			targets = (
				A9708F321A79B13B0086EF1D /* Lab1 */,
				A9708F4B1A79B13B0086EF1D /* Lab1Tests */,
			);
		};
/* End PBXProject section */

/* Begin PBXResourcesBuildPhase section */
		A9708F311A79B13B0086EF1D /* Resources */ = {
			isa = PBXResourcesBuildPhase;
			buildActionMask = 2147483647;
			files = (
				A9708F421A79B13B0086EF1D /* Main.storyboard in Resources */,
				A9708F471A79B13B0086EF1D /* LaunchScreen.xib in Resources */,
				A9708F441A79B13B0086EF1D /* Images.xcassets in Resources */,
			);
			runOnlyForDeploymentPostprocessing = 0;
		};
		A9708F4A1A79B13B0086EF1D /* Resources */ = {
			isa = PBXResourcesBuildPhase;
			buildActionMask = 2147483647;
			files = (
			);
			runOnlyForDeploymentPostprocessing = 0;
		};
/* End PBXResourcesBuildPhase section */

/* Begin PBXSourcesBuildPhase section */
		A9708F2F1A79B13B0086EF1D /* Sources */ = {
			isa = PBXSourcesBuildPhase;
			buildActionMask = 2147483647;
			files = (
				A9768C851A82EBC000269D15 /* ViewControllerPicker.m in Sources */,
				A9768C861A82EBC000269D15 /* ViewControllerSlider.m in Sources */,
				A9768C811A82EBC000269D15 /* SecondViewController.m in Sources */,
				A9768C801A82EBC000269D15 /* MapPin.m in Sources */,
				A9708F3C1A79B13B0086EF1D /* AppDelegate.m in Sources */,
				A9768C7E1A82EBC000269D15 /* FirstViewController.m in Sources */,
				A9768C881A82EBC000269D15 /* ViewControllerVinay.m in Sources */,
				A9768C7F1A82EBC000269D15 /* ImageModel.m in Sources */,
				A9768C821A82EBC000269D15 /* TableViewControllerAmeya.m in Sources */,
				A9768C841A82EBC000269D15 /* ViewController.m in Sources */,
				A9768C871A82EBC000269D15 /* ViewControllerTimer.m in Sources */,
				A98644991A8178430062EB87 /* TableViewController.m in Sources */,
				A9768C831A82EBC000269D15 /* TableViewControllerVinay.m in Sources */,
				A9768C7C1A82EBC000269D15 /* CollectionViewCell.m in Sources */,
				A9768C7D1A82EBC000269D15 /* CollectionViewController.m in Sources */,
				A9708F391A79B13B0086EF1D /* main.m in Sources */,
			);
			runOnlyForDeploymentPostprocessing = 0;
		};
		A9708F481A79B13B0086EF1D /* Sources */ = {
			isa = PBXSourcesBuildPhase;
			buildActionMask = 2147483647;
			files = (
				A9708F531A79B13B0086EF1D /* Lab1Tests.m in Sources */,
			);
			runOnlyForDeploymentPostprocessing = 0;
		};
/* End PBXSourcesBuildPhase section */

/* Begin PBXTargetDependency section */
		A9708F4E1A79B13B0086EF1D /* PBXTargetDependency */ = {
			isa = PBXTargetDependency;
			target = A9708F321A79B13B0086EF1D /* Lab1 */;
			targetProxy = A9708F4D1A79B13B0086EF1D /* PBXContainerItemProxy */;
		};
/* End PBXTargetDependency section */

/* Begin PBXVariantGroup section */
		A9708F401A79B13B0086EF1D /* Main.storyboard */ = {
			isa = PBXVariantGroup;
			children = (
				A9708F411A79B13B0086EF1D /* Base */,
			);
			name = Main.storyboard;
			sourceTree = "<group>";
		};
		A9708F451A79B13B0086EF1D /* LaunchScreen.xib */ = {
			isa = PBXVariantGroup;
			children = (
				A9708F461A79B13B0086EF1D /* Base */,
			);
			name = LaunchScreen.xib;
			sourceTree = "<group>";
		};
/* End PBXVariantGroup section */

/* Begin XCBuildConfiguration section */
		A9708F541A79B13B0086EF1D /* Debug */ = {
			isa = XCBuildConfiguration;
			buildSettings = {
				ALWAYS_SEARCH_USER_PATHS = NO;
				CLANG_CXX_LANGUAGE_STANDARD = "gnu++0x";
				CLANG_CXX_LIBRARY = "libc++";
				CLANG_ENABLE_MODULES = YES;
				CLANG_ENABLE_OBJC_ARC = YES;
				CLANG_WARN_BOOL_CONVERSION = YES;
				CLANG_WARN_CONSTANT_CONVERSION = YES;
				CLANG_WARN_DIRECT_OBJC_ISA_USAGE = YES_ERROR;
				CLANG_WARN_EMPTY_BODY = YES;
				CLANG_WARN_ENUM_CONVERSION = YES;
				CLANG_WARN_INT_CONVERSION = YES;
				CLANG_WARN_OBJC_ROOT_CLASS = YES_ERROR;
				CLANG_WARN_UNREACHABLE_CODE = YES;
				CLANG_WARN__DUPLICATE_METHOD_MATCH = YES;
				"CODE_SIGN_IDENTITY[sdk=iphoneos*]" = "iPhone Developer";
				COPY_PHASE_STRIP = NO;
				ENABLE_STRICT_OBJC_MSGSEND = YES;
				GCC_C_LANGUAGE_STANDARD = gnu99;
				GCC_DYNAMIC_NO_PIC = NO;
				GCC_OPTIMIZATION_LEVEL = 0;
				GCC_PREPROCESSOR_DEFINITIONS = (
					"DEBUG=1",
					"$(inherited)",
				);
				GCC_SYMBOLS_PRIVATE_EXTERN = NO;
				GCC_WARN_64_TO_32_BIT_CONVERSION = YES;
				GCC_WARN_ABOUT_RETURN_TYPE = YES_ERROR;
				GCC_WARN_UNDECLARED_SELECTOR = YES;
				GCC_WARN_UNINITIALIZED_AUTOS = YES_AGGRESSIVE;
				GCC_WARN_UNUSED_FUNCTION = YES;
				GCC_WARN_UNUSED_VARIABLE = YES;
				IPHONEOS_DEPLOYMENT_TARGET = 8.1;
				MTL_ENABLE_DEBUG_INFO = YES;
				ONLY_ACTIVE_ARCH = YES;
				SDKROOT = iphoneos;
			};
			name = Debug;
		};
		A9708F551A79B13B0086EF1D /* Release */ = {
			isa = XCBuildConfiguration;
			buildSettings = {
				ALWAYS_SEARCH_USER_PATHS = NO;
				CLANG_CXX_LANGUAGE_STANDARD = "gnu++0x";
				CLANG_CXX_LIBRARY = "libc++";
				CLANG_ENABLE_MODULES = YES;
				CLANG_ENABLE_OBJC_ARC = YES;
				CLANG_WARN_BOOL_CONVERSION = YES;
				CLANG_WARN_CONSTANT_CONVERSION = YES;
				CLANG_WARN_DIRECT_OBJC_ISA_USAGE = YES_ERROR;
				CLANG_WARN_EMPTY_BODY = YES;
				CLANG_WARN_ENUM_CONVERSION = YES;
				CLANG_WARN_INT_CONVERSION = YES;
				CLANG_WARN_OBJC_ROOT_CLASS = YES_ERROR;
				CLANG_WARN_UNREACHABLE_CODE = YES;
				CLANG_WARN__DUPLICATE_METHOD_MATCH = YES;
				"CODE_SIGN_IDENTITY[sdk=iphoneos*]" = "iPhone Developer";
				COPY_PHASE_STRIP = YES;
				ENABLE_NS_ASSERTIONS = NO;
				ENABLE_STRICT_OBJC_MSGSEND = YES;
				GCC_C_LANGUAGE_STANDARD = gnu99;
				GCC_WARN_64_TO_32_BIT_CONVERSION = YES;
				GCC_WARN_ABOUT_RETURN_TYPE = YES_ERROR;
				GCC_WARN_UNDECLARED_SELECTOR = YES;
				GCC_WARN_UNINITIALIZED_AUTOS = YES_AGGRESSIVE;
				GCC_WARN_UNUSED_FUNCTION = YES;
				GCC_WARN_UNUSED_VARIABLE = YES;
				IPHONEOS_DEPLOYMENT_TARGET = 8.1;
				MTL_ENABLE_DEBUG_INFO = NO;
				SDKROOT = iphoneos;
				VALIDATE_PRODUCT = YES;
			};
			name = Release;
		};
		A9708F571A79B13B0086EF1D /* Debug */ = {
			isa = XCBuildConfiguration;
			buildSettings = {
				ASSETCATALOG_COMPILER_APPICON_NAME = AppIcon;
				INFOPLIST_FILE = Lab1/Info.plist;
				LD_RUNPATH_SEARCH_PATHS = "$(inherited) @executable_path/Frameworks";
				PRODUCT_NAME = "$(TARGET_NAME)";
			};
			name = Debug;
		};
		A9708F581A79B13B0086EF1D /* Release */ = {
			isa = XCBuildConfiguration;
			buildSettings = {
				ASSETCATALOG_COMPILER_APPICON_NAME = AppIcon;
				INFOPLIST_FILE = Lab1/Info.plist;
				LD_RUNPATH_SEARCH_PATHS = "$(inherited) @executable_path/Frameworks";
				PRODUCT_NAME = "$(TARGET_NAME)";
			};
			name = Release;
		};
		A9708F5A1A79B13B0086EF1D /* Debug */ = {
			isa = XCBuildConfiguration;
			buildSettings = {
				BUNDLE_LOADER = "$(TEST_HOST)";
				FRAMEWORK_SEARCH_PATHS = (
					"$(SDKROOT)/Developer/Library/Frameworks",
					"$(inherited)",
				);
				GCC_PREPROCESSOR_DEFINITIONS = (
					"DEBUG=1",
					"$(inherited)",
				);
				INFOPLIST_FILE = Lab1Tests/Info.plist;
				LD_RUNPATH_SEARCH_PATHS = "$(inherited) @executable_path/Frameworks @loader_path/Frameworks";
				PRODUCT_NAME = "$(TARGET_NAME)";
				TEST_HOST = "$(BUILT_PRODUCTS_DIR)/Lab1.app/Lab1";
			};
			name = Debug;
		};
		A9708F5B1A79B13B0086EF1D /* Release */ = {
			isa = XCBuildConfiguration;
			buildSettings = {
				BUNDLE_LOADER = "$(TEST_HOST)";
				FRAMEWORK_SEARCH_PATHS = (
					"$(SDKROOT)/Developer/Library/Frameworks",
					"$(inherited)",
				);
				INFOPLIST_FILE = Lab1Tests/Info.plist;
				LD_RUNPATH_SEARCH_PATHS = "$(inherited) @executable_path/Frameworks @loader_path/Frameworks";
				PRODUCT_NAME = "$(TARGET_NAME)";
				TEST_HOST = "$(BUILT_PRODUCTS_DIR)/Lab1.app/Lab1";
			};
			name = Release;
		};
/* End XCBuildConfiguration section */

/* Begin XCConfigurationList section */
		A9708F2E1A79B13B0086EF1D /* Build configuration list for PBXProject "Lab1" */ = {
			isa = XCConfigurationList;
			buildConfigurations = (
				A9708F541A79B13B0086EF1D /* Debug */,
				A9708F551A79B13B0086EF1D /* Release */,
			);
			defaultConfigurationIsVisible = 0;
			defaultConfigurationName = Release;
		};
		A9708F561A79B13B0086EF1D /* Build configuration list for PBXNativeTarget "Lab1" */ = {
			isa = XCConfigurationList;
			buildConfigurations = (
				A9708F571A79B13B0086EF1D /* Debug */,
				A9708F581A79B13B0086EF1D /* Release */,
			);
			defaultConfigurationIsVisible = 0;
			defaultConfigurationName = Release;
		};
		A9708F591A79B13B0086EF1D /* Build configuration list for PBXNativeTarget "Lab1Tests" */ = {
			isa = XCConfigurationList;
			buildConfigurations = (
				A9708F5A1A79B13B0086EF1D /* Debug */,
				A9708F5B1A79B13B0086EF1D /* Release */,
			);
			defaultConfigurationIsVisible = 0;
			defaultConfigurationName = Release;
		};
/* End XCConfigurationList section */
	};
	rootObject = A9708F2B1A79B13B0086EF1D /* Project object */;
}
